
Microsoft Visual Studio Solution File, Format Version 12.00
# Visual Studio Version 16
VisualStudioVersion = 16.0.30907.101
MinimumVisualStudioVersion = 10.0.40219.1
Project("{FAE04EC0-301F-11D3-BF4B-00C04F79EFBC}") = "Test", "Test\Test.csproj", "{EF2A3DFB-9224-4459-AFD4-F84B10CAE956}"
EndProject
Global
	GlobalSection(SolutionConfigurationPlatforms) = preSolution
		Debug|Any CPU = Debug|Any CPU
		Release|Any CPU = Release|Any CPU
	EndGlobalSection
	GlobalSection(ProjectConfigurationPlatforms) = postSolution
		{EF2A3DFB-9224-4459-AFD4-F84B10CAE956}.Debug|Any CPU.ActiveCfg = Debug|Any CPU
		{EF2A3DFB-9224-4459-AFD4-F84B10CAE956}.Debug|Any CPU.Build.0 = Debug|Any CPU
		{EF2A3DFB-9224-4459-AFD4-F84B10CAE956}.Release|Any CPU.ActiveCfg = Release|Any CPU
		{EF2A3DFB-9224-4459-AFD4-F84B10CAE956}.Release|Any CPU.Build.0 = Release|Any CPU
	EndGlobalSection
	GlobalSection(SolutionProperties) = preSolution
		HideSolutionNode = FALSE
	EndGlobalSection
	GlobalSection(ExtensibilityGlobals) = postSolution
		SolutionGuid = {5922ECBF-EBE0-49B7-A02D-C00632364311}
	EndGlobalSection
EndGlobal
